// !$*UTF8*$!
{
	archiveVersion = 1;
	classes = {
	};
	objectVersion = 56;
	objects = {

/* Begin PBXBuildFile section */
		363E889A29CA7A9B0077E089 /* EssentialFeed.docc in Sources */ = {isa = PBXBuildFile; fileRef = 363E889929CA7A9B0077E089 /* EssentialFeed.docc */; };
		363E88A029CA7A9C0077E089 /* EssentialFeed.framework in Frameworks */ = {isa = PBXBuildFile; fileRef = 363E889529CA7A9B0077E089 /* EssentialFeed.framework */; };
		363E88A629CA7A9C0077E089 /* EssentialFeed.h in Headers */ = {isa = PBXBuildFile; fileRef = 363E889829CA7A9B0077E089 /* EssentialFeed.h */; settings = {ATTRIBUTES = (Public, ); }; };
		363E88B029CA7B450077E089 /* FeedImage.swift in Sources */ = {isa = PBXBuildFile; fileRef = 363E88AF29CA7B450077E089 /* FeedImage.swift */; };
		363E88B229CA927B0077E089 /* FeedLoader.swift in Sources */ = {isa = PBXBuildFile; fileRef = 363E88B129CA927B0077E089 /* FeedLoader.swift */; };
		363E88B529CCDE650077E089 /* LoadFeedFromRemoteUseCaseTests.swift in Sources */ = {isa = PBXBuildFile; fileRef = 363E88B429CCDE650077E089 /* LoadFeedFromRemoteUseCaseTests.swift */; };
		363E88B829CD2CE60077E089 /* RemoteFeedLoader.swift in Sources */ = {isa = PBXBuildFile; fileRef = 363E88B729CD2CE60077E089 /* RemoteFeedLoader.swift */; };
		363E88BA29CFAECB0077E089 /* HTTPClient.swift in Sources */ = {isa = PBXBuildFile; fileRef = 363E88B929CFAECB0077E089 /* HTTPClient.swift */; };
		363E88BC29CFAF220077E089 /* FeedItemsMapper.swift in Sources */ = {isa = PBXBuildFile; fileRef = 363E88BB29CFAF220077E089 /* FeedItemsMapper.swift */; };
		363E88C029D2729C0077E089 /* URLSessionHTTPClientTests.swift in Sources */ = {isa = PBXBuildFile; fileRef = 363E88BF29D2729C0077E089 /* URLSessionHTTPClientTests.swift */; };
		365700F82A1668FF000EE52E /* RemoteFeedItem.swift in Sources */ = {isa = PBXBuildFile; fileRef = 365700F72A1668FF000EE52E /* RemoteFeedItem.swift */; };
		365700FA2A166941000EE52E /* LocalFeedImage.swift in Sources */ = {isa = PBXBuildFile; fileRef = 365700F92A166941000EE52E /* LocalFeedImage.swift */; };
		365F670D2A32549000A7A297 /* FeedCacheTestHelpers.swift in Sources */ = {isa = PBXBuildFile; fileRef = 365F670C2A32549000A7A297 /* FeedCacheTestHelpers.swift */; };
		365F670F2A325A7900A7A297 /* SharedTestHelpers.swift in Sources */ = {isa = PBXBuildFile; fileRef = 365F670E2A325A7900A7A297 /* SharedTestHelpers.swift */; };
		367114A32A55E315001A7C46 /* EssentialFeediOS.framework in Frameworks */ = {isa = PBXBuildFile; fileRef = 3671149B2A55E314001A7C46 /* EssentialFeediOS.framework */; };
		367C43AC29D511B3008CFC31 /* XCTTestCase+MemoryLeakTracking.swift in Sources */ = {isa = PBXBuildFile; fileRef = 367C43AB29D511B3008CFC31 /* XCTTestCase+MemoryLeakTracking.swift */; };
		367C43AE29D53289008CFC31 /* URLSessionHTTPClient.swift in Sources */ = {isa = PBXBuildFile; fileRef = 367C43AD29D53289008CFC31 /* URLSessionHTTPClient.swift */; };
		367C43B629D67328008CFC31 /* EssentialFeedAPIEndToEndTests.swift in Sources */ = {isa = PBXBuildFile; fileRef = 367C43B529D67328008CFC31 /* EssentialFeedAPIEndToEndTests.swift */; };
		367C43B729D67328008CFC31 /* EssentialFeed.framework in Frameworks */ = {isa = PBXBuildFile; fileRef = 363E889529CA7A9B0077E089 /* EssentialFeed.framework */; };
		367C43BD29D686DF008CFC31 /* XCTTestCase+MemoryLeakTracking.swift in Sources */ = {isa = PBXBuildFile; fileRef = 367C43AB29D511B3008CFC31 /* XCTTestCase+MemoryLeakTracking.swift */; };
		36B3691A2A1D4C6A00568E6C /* LoadFeedFromCacheUseCaseTests.swift in Sources */ = {isa = PBXBuildFile; fileRef = 36B369192A1D4C6A00568E6C /* LoadFeedFromCacheUseCaseTests.swift */; };
		36B3691D2A1D513700568E6C /* FeedStoreSpy.swift in Sources */ = {isa = PBXBuildFile; fileRef = 36B3691C2A1D513700568E6C /* FeedStoreSpy.swift */; };
		36C0DFE12A0975BE003B6877 /* CacheFeedUseCaseTests.swift in Sources */ = {isa = PBXBuildFile; fileRef = 36C0DFE02A0975BE003B6877 /* CacheFeedUseCaseTests.swift */; };
		36C0DFE52A12BEDB003B6877 /* LocalFeedLoader.swift in Sources */ = {isa = PBXBuildFile; fileRef = 36C0DFE42A12BEDB003B6877 /* LocalFeedLoader.swift */; };
		36C0DFE72A12BF91003B6877 /* FeedStore.swift in Sources */ = {isa = PBXBuildFile; fileRef = 36C0DFE62A12BF91003B6877 /* FeedStore.swift */; };
		36C4F4B02A4CB31C0075DDDB /* EssentialFeedCacheIntegrationTests.swift in Sources */ = {isa = PBXBuildFile; fileRef = 36C4F4AF2A4CB31C0075DDDB /* EssentialFeedCacheIntegrationTests.swift */; };
		36C4F4B12A4CB31C0075DDDB /* EssentialFeed.framework in Frameworks */ = {isa = PBXBuildFile; fileRef = 363E889529CA7A9B0077E089 /* EssentialFeed.framework */; platformFilters = (macos, ); };
		36C4F4B82A4DFC520075DDDB /* XCTTestCase+MemoryLeakTracking.swift in Sources */ = {isa = PBXBuildFile; fileRef = 367C43AB29D511B3008CFC31 /* XCTTestCase+MemoryLeakTracking.swift */; };
		36C4F4B92A4DFE0C0075DDDB /* FeedCacheTestHelpers.swift in Sources */ = {isa = PBXBuildFile; fileRef = 365F670C2A32549000A7A297 /* FeedCacheTestHelpers.swift */; };
		36C4F4BA2A4DFE210075DDDB /* SharedTestHelpers.swift in Sources */ = {isa = PBXBuildFile; fileRef = 365F670E2A325A7900A7A297 /* SharedTestHelpers.swift */; };
		36D3432D2A2E752400E1665D /* ValidateFeedCacheUseCaseTests.swift in Sources */ = {isa = PBXBuildFile; fileRef = 36D3432C2A2E752400E1665D /* ValidateFeedCacheUseCaseTests.swift */; };
		36E966292A3B9D550001A113 /* FeedCachePolicy.swift in Sources */ = {isa = PBXBuildFile; fileRef = 36E966282A3B9D550001A113 /* FeedCachePolicy.swift */; };
		36F935322A4B21E8004E6F0D /* FeedStoreSpecs.swift in Sources */ = {isa = PBXBuildFile; fileRef = 36F935312A4B21E8004E6F0D /* FeedStoreSpecs.swift */; };
		36F935342A4B2373004E6F0D /* XCTestCase+FeedStoreSpecs.swift in Sources */ = {isa = PBXBuildFile; fileRef = 36F935332A4B2373004E6F0D /* XCTestCase+FeedStoreSpecs.swift */; };
		36F935362A4B5695004E6F0D /* XCTestCase+FailableRetrieveFeedStoreSpecs.swift in Sources */ = {isa = PBXBuildFile; fileRef = 36F935352A4B5695004E6F0D /* XCTestCase+FailableRetrieveFeedStoreSpecs.swift */; };
		36F935382A4B57B4004E6F0D /* XCTestCase+FailableInsertFeedStoreSpecs.swift in Sources */ = {isa = PBXBuildFile; fileRef = 36F935372A4B57B4004E6F0D /* XCTestCase+FailableInsertFeedStoreSpecs.swift */; };
		36F9353A2A4B58D9004E6F0D /* XCTestCase+FailableDeleteFeedStoreSpecs.swift in Sources */ = {isa = PBXBuildFile; fileRef = 36F935392A4B58D9004E6F0D /* XCTestCase+FailableDeleteFeedStoreSpecs.swift */; };
		36F9353D2A4B9E74004E6F0D /* CoreDataFeedStoreTests.swift in Sources */ = {isa = PBXBuildFile; fileRef = 36F9353C2A4B9E74004E6F0D /* CoreDataFeedStoreTests.swift */; };
		36F9353F2A4B9F20004E6F0D /* CoreDataFeedStore.swift in Sources */ = {isa = PBXBuildFile; fileRef = 36F9353E2A4B9F20004E6F0D /* CoreDataFeedStore.swift */; };
		36F935422A4BA516004E6F0D /* FeedStore.xcdatamodeld in Sources */ = {isa = PBXBuildFile; fileRef = 36F935402A4BA516004E6F0D /* FeedStore.xcdatamodeld */; };
		36F935472A4C9AC9004E6F0D /* CoreDataHelpers.swift in Sources */ = {isa = PBXBuildFile; fileRef = 36F935462A4C9AC9004E6F0D /* CoreDataHelpers.swift */; };
		36F935492A4C9B50004E6F0D /* ManagedCache.swift in Sources */ = {isa = PBXBuildFile; fileRef = 36F935482A4C9B50004E6F0D /* ManagedCache.swift */; };
		36F9354B2A4C9BB1004E6F0D /* ManagedFeedImage.swift in Sources */ = {isa = PBXBuildFile; fileRef = 36F9354A2A4C9BB1004E6F0D /* ManagedFeedImage.swift */; };
		36FD4E092A57A960000B2024 /* FeedViewControllerTests.swift in Sources */ = {isa = PBXBuildFile; fileRef = 36FD4E082A57A960000B2024 /* FeedViewControllerTests.swift */; };
		36FD4E0B2A584AC7000B2024 /* EssentialFeed.framework in Frameworks */ = {isa = PBXBuildFile; fileRef = 363E889529CA7A9B0077E089 /* EssentialFeed.framework */; platformFilter = ios; };
		36FD4E0C2A584AC7000B2024 /* EssentialFeed.framework in Embed Frameworks */ = {isa = PBXBuildFile; fileRef = 363E889529CA7A9B0077E089 /* EssentialFeed.framework */; platformFilter = ios; settings = {ATTRIBUTES = (CodeSignOnCopy, RemoveHeadersOnCopy, ); }; };
		36FD4E112A584BF8000B2024 /* XCTTestCase+MemoryLeakTracking.swift in Sources */ = {isa = PBXBuildFile; fileRef = 367C43AB29D511B3008CFC31 /* XCTTestCase+MemoryLeakTracking.swift */; };
		36FD4E132A586849000B2024 /* FeedViewController.swift in Sources */ = {isa = PBXBuildFile; fileRef = 36FD4E122A586849000B2024 /* FeedViewController.swift */; };
		36FD4E152A58B4C4000B2024 /* FeedImageCell.swift in Sources */ = {isa = PBXBuildFile; fileRef = 36FD4E142A58B4C4000B2024 /* FeedImageCell.swift */; };
		36FD4E172A5A1B02000B2024 /* UIView+Shimmering.swift in Sources */ = {isa = PBXBuildFile; fileRef = 36FD4E162A5A1B01000B2024 /* UIView+Shimmering.swift */; };
		36FD4E1A2A5C7483000B2024 /* FeedImageDataLoader.swift in Sources */ = {isa = PBXBuildFile; fileRef = 36FD4E192A5C7483000B2024 /* FeedImageDataLoader.swift */; };
		36FD4E1F2A5C7628000B2024 /* UIImage+TestHelpers.swift in Sources */ = {isa = PBXBuildFile; fileRef = 36FD4E1E2A5C7628000B2024 /* UIImage+TestHelpers.swift */; };
		36FD4E222A5C7683000B2024 /* UIRefreshControl+TestHelpers.swift in Sources */ = {isa = PBXBuildFile; fileRef = 36FD4E212A5C7683000B2024 /* UIRefreshControl+TestHelpers.swift */; };
		36FD4E242A5C7702000B2024 /* UIButton+TestHelpers.swift in Sources */ = {isa = PBXBuildFile; fileRef = 36FD4E232A5C7702000B2024 /* UIButton+TestHelpers.swift */; };
		36FD4E262A5C776A000B2024 /* UIControl+TestHelpers.swift in Sources */ = {isa = PBXBuildFile; fileRef = 36FD4E252A5C776A000B2024 /* UIControl+TestHelpers.swift */; };
/* End PBXBuildFile section */

/* Begin PBXContainerItemProxy section */
		363E88A129CA7A9C0077E089 /* PBXContainerItemProxy */ = {
			isa = PBXContainerItemProxy;
			containerPortal = 363E888C29CA7A9B0077E089 /* Project object */;
			proxyType = 1;
			remoteGlobalIDString = 363E889429CA7A9B0077E089;
			remoteInfo = EssentialFeed;
		};
		367114A42A55E315001A7C46 /* PBXContainerItemProxy */ = {
			isa = PBXContainerItemProxy;
			containerPortal = 363E888C29CA7A9B0077E089 /* Project object */;
			proxyType = 1;
			remoteGlobalIDString = 3671149A2A55E314001A7C46;
			remoteInfo = EssentialFeediOS;
		};
		367C43B829D67328008CFC31 /* PBXContainerItemProxy */ = {
			isa = PBXContainerItemProxy;
			containerPortal = 363E888C29CA7A9B0077E089 /* Project object */;
			proxyType = 1;
			remoteGlobalIDString = 363E889429CA7A9B0077E089;
			remoteInfo = EssentialFeed;
		};
		36C4F4B22A4CB31C0075DDDB /* PBXContainerItemProxy */ = {
			isa = PBXContainerItemProxy;
			containerPortal = 363E888C29CA7A9B0077E089 /* Project object */;
			proxyType = 1;
			remoteGlobalIDString = 363E889429CA7A9B0077E089;
			remoteInfo = EssentialFeed;
		};
		36FD4E0D2A584AC7000B2024 /* PBXContainerItemProxy */ = {
			isa = PBXContainerItemProxy;
			containerPortal = 363E888C29CA7A9B0077E089 /* Project object */;
			proxyType = 1;
			remoteGlobalIDString = 363E889429CA7A9B0077E089;
			remoteInfo = EssentialFeed;
		};
/* End PBXContainerItemProxy section */

/* Begin PBXCopyFilesBuildPhase section */
		36FD4E0F2A584AC7000B2024 /* Embed Frameworks */ = {
			isa = PBXCopyFilesBuildPhase;
			buildActionMask = 2147483647;
			dstPath = "";
			dstSubfolderSpec = 10;
			files = (
				36FD4E0C2A584AC7000B2024 /* EssentialFeed.framework in Embed Frameworks */,
			);
			name = "Embed Frameworks";
			runOnlyForDeploymentPostprocessing = 0;
		};
/* End PBXCopyFilesBuildPhase section */

/* Begin PBXFileReference section */
		363E889529CA7A9B0077E089 /* EssentialFeed.framework */ = {isa = PBXFileReference; explicitFileType = wrapper.framework; includeInIndex = 0; path = EssentialFeed.framework; sourceTree = BUILT_PRODUCTS_DIR; };
		363E889829CA7A9B0077E089 /* EssentialFeed.h */ = {isa = PBXFileReference; lastKnownFileType = sourcecode.c.h; path = EssentialFeed.h; sourceTree = "<group>"; };
		363E889929CA7A9B0077E089 /* EssentialFeed.docc */ = {isa = PBXFileReference; lastKnownFileType = folder.documentationcatalog; path = EssentialFeed.docc; sourceTree = "<group>"; };
		363E889F29CA7A9C0077E089 /* EssentialFeedTests.xctest */ = {isa = PBXFileReference; explicitFileType = wrapper.cfbundle; includeInIndex = 0; path = EssentialFeedTests.xctest; sourceTree = BUILT_PRODUCTS_DIR; };
		363E88AF29CA7B450077E089 /* FeedImage.swift */ = {isa = PBXFileReference; lastKnownFileType = sourcecode.swift; path = FeedImage.swift; sourceTree = "<group>"; };
		363E88B129CA927B0077E089 /* FeedLoader.swift */ = {isa = PBXFileReference; lastKnownFileType = sourcecode.swift; path = FeedLoader.swift; sourceTree = "<group>"; };
		363E88B429CCDE650077E089 /* LoadFeedFromRemoteUseCaseTests.swift */ = {isa = PBXFileReference; lastKnownFileType = sourcecode.swift; path = LoadFeedFromRemoteUseCaseTests.swift; sourceTree = "<group>"; };
		363E88B729CD2CE60077E089 /* RemoteFeedLoader.swift */ = {isa = PBXFileReference; lastKnownFileType = sourcecode.swift; path = RemoteFeedLoader.swift; sourceTree = "<group>"; };
		363E88B929CFAECB0077E089 /* HTTPClient.swift */ = {isa = PBXFileReference; lastKnownFileType = sourcecode.swift; path = HTTPClient.swift; sourceTree = "<group>"; };
		363E88BB29CFAF220077E089 /* FeedItemsMapper.swift */ = {isa = PBXFileReference; lastKnownFileType = sourcecode.swift; path = FeedItemsMapper.swift; sourceTree = "<group>"; };
		363E88BF29D2729C0077E089 /* URLSessionHTTPClientTests.swift */ = {isa = PBXFileReference; lastKnownFileType = sourcecode.swift; path = URLSessionHTTPClientTests.swift; sourceTree = "<group>"; };
		365700F72A1668FF000EE52E /* RemoteFeedItem.swift */ = {isa = PBXFileReference; lastKnownFileType = sourcecode.swift; path = RemoteFeedItem.swift; sourceTree = "<group>"; };
		365700F92A166941000EE52E /* LocalFeedImage.swift */ = {isa = PBXFileReference; lastKnownFileType = sourcecode.swift; path = LocalFeedImage.swift; sourceTree = "<group>"; };
		365F670C2A32549000A7A297 /* FeedCacheTestHelpers.swift */ = {isa = PBXFileReference; lastKnownFileType = sourcecode.swift; path = FeedCacheTestHelpers.swift; sourceTree = "<group>"; };
		365F670E2A325A7900A7A297 /* SharedTestHelpers.swift */ = {isa = PBXFileReference; lastKnownFileType = sourcecode.swift; path = SharedTestHelpers.swift; sourceTree = "<group>"; };
		3671149B2A55E314001A7C46 /* EssentialFeediOS.framework */ = {isa = PBXFileReference; explicitFileType = wrapper.framework; includeInIndex = 0; path = EssentialFeediOS.framework; sourceTree = BUILT_PRODUCTS_DIR; };
		367114A22A55E314001A7C46 /* EssentialFeediOSTests.xctest */ = {isa = PBXFileReference; explicitFileType = wrapper.cfbundle; includeInIndex = 0; path = EssentialFeediOSTests.xctest; sourceTree = BUILT_PRODUCTS_DIR; };
		367114B02A55E3B9001A7C46 /* EssentialFeediOS.xctestplan */ = {isa = PBXFileReference; lastKnownFileType = text; path = EssentialFeediOS.xctestplan; sourceTree = "<group>"; };
		367C43AB29D511B3008CFC31 /* XCTTestCase+MemoryLeakTracking.swift */ = {isa = PBXFileReference; lastKnownFileType = sourcecode.swift; path = "XCTTestCase+MemoryLeakTracking.swift"; sourceTree = "<group>"; };
		367C43AD29D53289008CFC31 /* URLSessionHTTPClient.swift */ = {isa = PBXFileReference; lastKnownFileType = sourcecode.swift; path = URLSessionHTTPClient.swift; sourceTree = "<group>"; };
		367C43B329D67328008CFC31 /* EssentialFeedAPIEndToEndTests.xctest */ = {isa = PBXFileReference; explicitFileType = wrapper.cfbundle; includeInIndex = 0; path = EssentialFeedAPIEndToEndTests.xctest; sourceTree = BUILT_PRODUCTS_DIR; };
		367C43B529D67328008CFC31 /* EssentialFeedAPIEndToEndTests.swift */ = {isa = PBXFileReference; lastKnownFileType = sourcecode.swift; path = EssentialFeedAPIEndToEndTests.swift; sourceTree = "<group>"; };
		36B369192A1D4C6A00568E6C /* LoadFeedFromCacheUseCaseTests.swift */ = {isa = PBXFileReference; lastKnownFileType = sourcecode.swift; path = LoadFeedFromCacheUseCaseTests.swift; sourceTree = "<group>"; };
		36B3691C2A1D513700568E6C /* FeedStoreSpy.swift */ = {isa = PBXFileReference; lastKnownFileType = sourcecode.swift; path = FeedStoreSpy.swift; sourceTree = "<group>"; };
		36BB4FC22A55DFC10099EAF0 /* EssentialFeedAPIEndToEndTests.xctestplan */ = {isa = PBXFileReference; lastKnownFileType = text; path = EssentialFeedAPIEndToEndTests.xctestplan; sourceTree = "<group>"; };
		36C0DFE02A0975BE003B6877 /* CacheFeedUseCaseTests.swift */ = {isa = PBXFileReference; lastKnownFileType = sourcecode.swift; path = CacheFeedUseCaseTests.swift; sourceTree = "<group>"; };
		36C0DFE42A12BEDB003B6877 /* LocalFeedLoader.swift */ = {isa = PBXFileReference; lastKnownFileType = sourcecode.swift; path = LocalFeedLoader.swift; sourceTree = "<group>"; };
		36C0DFE62A12BF91003B6877 /* FeedStore.swift */ = {isa = PBXFileReference; lastKnownFileType = sourcecode.swift; path = FeedStore.swift; sourceTree = "<group>"; };
		36C4F4AD2A4CB31C0075DDDB /* EssentialFeedCacheIntegrationTests.xctest */ = {isa = PBXFileReference; explicitFileType = wrapper.cfbundle; includeInIndex = 0; path = EssentialFeedCacheIntegrationTests.xctest; sourceTree = BUILT_PRODUCTS_DIR; };
		36C4F4AF2A4CB31C0075DDDB /* EssentialFeedCacheIntegrationTests.swift */ = {isa = PBXFileReference; lastKnownFileType = sourcecode.swift; path = EssentialFeedCacheIntegrationTests.swift; sourceTree = "<group>"; };
		36C4F4B72A4DF9930075DDDB /* EssentialFeedCacheIntegrationTests.xctestplan */ = {isa = PBXFileReference; lastKnownFileType = text; path = EssentialFeedCacheIntegrationTests.xctestplan; sourceTree = "<group>"; };
		36D3432C2A2E752400E1665D /* ValidateFeedCacheUseCaseTests.swift */ = {isa = PBXFileReference; lastKnownFileType = sourcecode.swift; path = ValidateFeedCacheUseCaseTests.swift; sourceTree = "<group>"; };
		36E966282A3B9D550001A113 /* FeedCachePolicy.swift */ = {isa = PBXFileReference; lastKnownFileType = sourcecode.swift; path = FeedCachePolicy.swift; sourceTree = "<group>"; };
		36F935312A4B21E8004E6F0D /* FeedStoreSpecs.swift */ = {isa = PBXFileReference; lastKnownFileType = sourcecode.swift; path = FeedStoreSpecs.swift; sourceTree = "<group>"; };
		36F935332A4B2373004E6F0D /* XCTestCase+FeedStoreSpecs.swift */ = {isa = PBXFileReference; lastKnownFileType = sourcecode.swift; path = "XCTestCase+FeedStoreSpecs.swift"; sourceTree = "<group>"; };
		36F935352A4B5695004E6F0D /* XCTestCase+FailableRetrieveFeedStoreSpecs.swift */ = {isa = PBXFileReference; lastKnownFileType = sourcecode.swift; path = "XCTestCase+FailableRetrieveFeedStoreSpecs.swift"; sourceTree = "<group>"; };
		36F935372A4B57B4004E6F0D /* XCTestCase+FailableInsertFeedStoreSpecs.swift */ = {isa = PBXFileReference; fileEncoding = 4; lastKnownFileType = sourcecode.swift; path = "XCTestCase+FailableInsertFeedStoreSpecs.swift"; sourceTree = "<group>"; };
		36F935392A4B58D9004E6F0D /* XCTestCase+FailableDeleteFeedStoreSpecs.swift */ = {isa = PBXFileReference; fileEncoding = 4; lastKnownFileType = sourcecode.swift; path = "XCTestCase+FailableDeleteFeedStoreSpecs.swift"; sourceTree = "<group>"; };
		36F9353C2A4B9E74004E6F0D /* CoreDataFeedStoreTests.swift */ = {isa = PBXFileReference; lastKnownFileType = sourcecode.swift; path = CoreDataFeedStoreTests.swift; sourceTree = "<group>"; };
		36F9353E2A4B9F20004E6F0D /* CoreDataFeedStore.swift */ = {isa = PBXFileReference; lastKnownFileType = sourcecode.swift; path = CoreDataFeedStore.swift; sourceTree = "<group>"; };
		36F935412A4BA516004E6F0D /* FeedStore.xcdatamodel */ = {isa = PBXFileReference; lastKnownFileType = wrapper.xcdatamodel; path = FeedStore.xcdatamodel; sourceTree = "<group>"; };
		36F935462A4C9AC9004E6F0D /* CoreDataHelpers.swift */ = {isa = PBXFileReference; lastKnownFileType = sourcecode.swift; path = CoreDataHelpers.swift; sourceTree = "<group>"; };
		36F935482A4C9B50004E6F0D /* ManagedCache.swift */ = {isa = PBXFileReference; lastKnownFileType = sourcecode.swift; path = ManagedCache.swift; sourceTree = "<group>"; };
		36F9354A2A4C9BB1004E6F0D /* ManagedFeedImage.swift */ = {isa = PBXFileReference; lastKnownFileType = sourcecode.swift; path = ManagedFeedImage.swift; sourceTree = "<group>"; };
		36FD4E082A57A960000B2024 /* FeedViewControllerTests.swift */ = {isa = PBXFileReference; lastKnownFileType = sourcecode.swift; path = FeedViewControllerTests.swift; sourceTree = "<group>"; };
		36FD4E122A586849000B2024 /* FeedViewController.swift */ = {isa = PBXFileReference; lastKnownFileType = sourcecode.swift; path = FeedViewController.swift; sourceTree = "<group>"; };
		36FD4E142A58B4C4000B2024 /* FeedImageCell.swift */ = {isa = PBXFileReference; lastKnownFileType = sourcecode.swift; path = FeedImageCell.swift; sourceTree = "<group>"; };
		36FD4E162A5A1B01000B2024 /* UIView+Shimmering.swift */ = {isa = PBXFileReference; lastKnownFileType = sourcecode.swift; path = "UIView+Shimmering.swift"; sourceTree = "<group>"; };
		36FD4E192A5C7483000B2024 /* FeedImageDataLoader.swift */ = {isa = PBXFileReference; lastKnownFileType = sourcecode.swift; path = FeedImageDataLoader.swift; sourceTree = "<group>"; };
		36FD4E1E2A5C7628000B2024 /* UIImage+TestHelpers.swift */ = {isa = PBXFileReference; lastKnownFileType = sourcecode.swift; path = "UIImage+TestHelpers.swift"; sourceTree = "<group>"; };
		36FD4E212A5C7683000B2024 /* UIRefreshControl+TestHelpers.swift */ = {isa = PBXFileReference; lastKnownFileType = sourcecode.swift; path = "UIRefreshControl+TestHelpers.swift"; sourceTree = "<group>"; };
		36FD4E232A5C7702000B2024 /* UIButton+TestHelpers.swift */ = {isa = PBXFileReference; lastKnownFileType = sourcecode.swift; path = "UIButton+TestHelpers.swift"; sourceTree = "<group>"; };
		36FD4E252A5C776A000B2024 /* UIControl+TestHelpers.swift */ = {isa = PBXFileReference; lastKnownFileType = sourcecode.swift; path = "UIControl+TestHelpers.swift"; sourceTree = "<group>"; };
/* End PBXFileReference section */

/* Begin PBXFrameworksBuildPhase section */
		363E889229CA7A9B0077E089 /* Frameworks */ = {
			isa = PBXFrameworksBuildPhase;
			buildActionMask = 2147483647;
			files = (
			);
			runOnlyForDeploymentPostprocessing = 0;
		};
		363E889C29CA7A9C0077E089 /* Frameworks */ = {
			isa = PBXFrameworksBuildPhase;
			buildActionMask = 2147483647;
			files = (
				363E88A029CA7A9C0077E089 /* EssentialFeed.framework in Frameworks */,
			);
			runOnlyForDeploymentPostprocessing = 0;
		};
		367114982A55E314001A7C46 /* Frameworks */ = {
			isa = PBXFrameworksBuildPhase;
			buildActionMask = 2147483647;
			files = (
				36FD4E0B2A584AC7000B2024 /* EssentialFeed.framework in Frameworks */,
			);
			runOnlyForDeploymentPostprocessing = 0;
		};
		3671149F2A55E314001A7C46 /* Frameworks */ = {
			isa = PBXFrameworksBuildPhase;
			buildActionMask = 2147483647;
			files = (
				367114A32A55E315001A7C46 /* EssentialFeediOS.framework in Frameworks */,
			);
			runOnlyForDeploymentPostprocessing = 0;
		};
		367C43B029D67328008CFC31 /* Frameworks */ = {
			isa = PBXFrameworksBuildPhase;
			buildActionMask = 2147483647;
			files = (
				367C43B729D67328008CFC31 /* EssentialFeed.framework in Frameworks */,
			);
			runOnlyForDeploymentPostprocessing = 0;
		};
		36C4F4AA2A4CB31C0075DDDB /* Frameworks */ = {
			isa = PBXFrameworksBuildPhase;
			buildActionMask = 2147483647;
			files = (
				36C4F4B12A4CB31C0075DDDB /* EssentialFeed.framework in Frameworks */,
			);
			runOnlyForDeploymentPostprocessing = 0;
		};
/* End PBXFrameworksBuildPhase section */

/* Begin PBXGroup section */
		363E888B29CA7A9B0077E089 = {
			isa = PBXGroup;
			children = (
				363E889729CA7A9B0077E089 /* EssentialFeed */,
				363E88A329CA7A9C0077E089 /* EssentialFeedTests */,
				367C43B429D67328008CFC31 /* EssentialFeedAPIEndToEndTests */,
				36C4F4AE2A4CB31C0075DDDB /* EssentialFeedCacheIntegrationTests */,
				3671149C2A55E314001A7C46 /* EssentialFeediOS */,
				367114A62A55E315001A7C46 /* EssentialFeediOSTests */,
				363E889629CA7A9B0077E089 /* Products */,
				36FD4E0A2A584AC7000B2024 /* Frameworks */,
			);
			sourceTree = "<group>";
		};
		363E889629CA7A9B0077E089 /* Products */ = {
			isa = PBXGroup;
			children = (
				363E889529CA7A9B0077E089 /* EssentialFeed.framework */,
				363E889F29CA7A9C0077E089 /* EssentialFeedTests.xctest */,
				367C43B329D67328008CFC31 /* EssentialFeedAPIEndToEndTests.xctest */,
				36C4F4AD2A4CB31C0075DDDB /* EssentialFeedCacheIntegrationTests.xctest */,
				3671149B2A55E314001A7C46 /* EssentialFeediOS.framework */,
				367114A22A55E314001A7C46 /* EssentialFeediOSTests.xctest */,
			);
			name = Products;
			sourceTree = "<group>";
		};
		363E889729CA7A9B0077E089 /* EssentialFeed */ = {
			isa = PBXGroup;
			children = (
				36C0DFE32A12BEBD003B6877 /* Feed Cache */,
				363E88B629CD2CB80077E089 /* Feed API */,
				363E88B329CA94DF0077E089 /* Feed Feature */,
				363E889829CA7A9B0077E089 /* EssentialFeed.h */,
				363E889929CA7A9B0077E089 /* EssentialFeed.docc */,
			);
			path = EssentialFeed;
			sourceTree = "<group>";
		};
		363E88A329CA7A9C0077E089 /* EssentialFeedTests */ = {
			isa = PBXGroup;
			children = (
				367C43AA29D5118C008CFC31 /* Helpers */,
				36C0DFDF2A09758F003B6877 /* Feed Cache */,
				363E88BD29CFBE840077E089 /* Feed API */,
			);
			path = EssentialFeedTests;
			sourceTree = "<group>";
		};
		363E88B329CA94DF0077E089 /* Feed Feature */ = {
			isa = PBXGroup;
			children = (
				363E88AF29CA7B450077E089 /* FeedImage.swift */,
				363E88B129CA927B0077E089 /* FeedLoader.swift */,
			);
			path = "Feed Feature";
			sourceTree = "<group>";
		};
		363E88B629CD2CB80077E089 /* Feed API */ = {
			isa = PBXGroup;
			children = (
				363E88B729CD2CE60077E089 /* RemoteFeedLoader.swift */,
				363E88B929CFAECB0077E089 /* HTTPClient.swift */,
				363E88BB29CFAF220077E089 /* FeedItemsMapper.swift */,
				367C43AD29D53289008CFC31 /* URLSessionHTTPClient.swift */,
				365700F72A1668FF000EE52E /* RemoteFeedItem.swift */,
			);
			path = "Feed API";
			sourceTree = "<group>";
		};
		363E88BD29CFBE840077E089 /* Feed API */ = {
			isa = PBXGroup;
			children = (
				363E88B429CCDE650077E089 /* LoadFeedFromRemoteUseCaseTests.swift */,
				363E88BF29D2729C0077E089 /* URLSessionHTTPClientTests.swift */,
			);
			path = "Feed API";
			sourceTree = "<group>";
		};
		3671149C2A55E314001A7C46 /* EssentialFeediOS */ = {
			isa = PBXGroup;
			children = (
				36FD4E182A5C746F000B2024 /* Feed Image Loader */,
				36FD4E1B2A5C74CE000B2024 /* Feed UI */,
			);
			path = EssentialFeediOS;
			sourceTree = "<group>";
		};
		367114A62A55E315001A7C46 /* EssentialFeediOSTests */ = {
			isa = PBXGroup;
			children = (
				367114B02A55E3B9001A7C46 /* EssentialFeediOS.xctestplan */,
				36FD4E082A57A960000B2024 /* FeedViewControllerTests.swift */,
				36FD4E202A5C762D000B2024 /* Helpers */,
			);
			path = EssentialFeediOSTests;
			sourceTree = "<group>";
		};
		367C43AA29D5118C008CFC31 /* Helpers */ = {
			isa = PBXGroup;
			children = (
				367C43AB29D511B3008CFC31 /* XCTTestCase+MemoryLeakTracking.swift */,
				365F670E2A325A7900A7A297 /* SharedTestHelpers.swift */,
			);
			path = Helpers;
			sourceTree = "<group>";
		};
		367C43B429D67328008CFC31 /* EssentialFeedAPIEndToEndTests */ = {
			isa = PBXGroup;
			children = (
				36BB4FC22A55DFC10099EAF0 /* EssentialFeedAPIEndToEndTests.xctestplan */,
				367C43B529D67328008CFC31 /* EssentialFeedAPIEndToEndTests.swift */,
			);
			path = EssentialFeedAPIEndToEndTests;
			sourceTree = "<group>";
		};
		36B3691B2A1D511F00568E6C /* Helpers */ = {
			isa = PBXGroup;
			children = (
				36B3691C2A1D513700568E6C /* FeedStoreSpy.swift */,
				365F670C2A32549000A7A297 /* FeedCacheTestHelpers.swift */,
			);
			path = Helpers;
			sourceTree = "<group>";
		};
		36C0DFDF2A09758F003B6877 /* Feed Cache */ = {
			isa = PBXGroup;
			children = (
				36B3691B2A1D511F00568E6C /* Helpers */,
				36F9353B2A4B59A5004E6F0D /* FeedStoreSpecs */,
				36C0DFE02A0975BE003B6877 /* CacheFeedUseCaseTests.swift */,
				36B369192A1D4C6A00568E6C /* LoadFeedFromCacheUseCaseTests.swift */,
				36D3432C2A2E752400E1665D /* ValidateFeedCacheUseCaseTests.swift */,
				36F9353C2A4B9E74004E6F0D /* CoreDataFeedStoreTests.swift */,
			);
			path = "Feed Cache";
			sourceTree = "<group>";
		};
		36C0DFE32A12BEBD003B6877 /* Feed Cache */ = {
			isa = PBXGroup;
			children = (
				36C0DFE42A12BEDB003B6877 /* LocalFeedLoader.swift */,
				36C0DFE62A12BF91003B6877 /* FeedStore.swift */,
				365700F92A166941000EE52E /* LocalFeedImage.swift */,
				36E966282A3B9D550001A113 /* FeedCachePolicy.swift */,
				36F935442A4C9A24004E6F0D /* Infastructure */,
			);
			path = "Feed Cache";
			sourceTree = "<group>";
		};
		36C4F4AE2A4CB31C0075DDDB /* EssentialFeedCacheIntegrationTests */ = {
			isa = PBXGroup;
			children = (
				36C4F4B72A4DF9930075DDDB /* EssentialFeedCacheIntegrationTests.xctestplan */,
				36C4F4AF2A4CB31C0075DDDB /* EssentialFeedCacheIntegrationTests.swift */,
			);
			path = EssentialFeedCacheIntegrationTests;
			sourceTree = "<group>";
		};
		36F9353B2A4B59A5004E6F0D /* FeedStoreSpecs */ = {
			isa = PBXGroup;
			children = (
				36F935312A4B21E8004E6F0D /* FeedStoreSpecs.swift */,
				36F935332A4B2373004E6F0D /* XCTestCase+FeedStoreSpecs.swift */,
				36F935352A4B5695004E6F0D /* XCTestCase+FailableRetrieveFeedStoreSpecs.swift */,
				36F935372A4B57B4004E6F0D /* XCTestCase+FailableInsertFeedStoreSpecs.swift */,
				36F935392A4B58D9004E6F0D /* XCTestCase+FailableDeleteFeedStoreSpecs.swift */,
			);
			path = FeedStoreSpecs;
			sourceTree = "<group>";
		};
		36F935432A4C99ED004E6F0D /* CoreData */ = {
			isa = PBXGroup;
			children = (
				36F9353E2A4B9F20004E6F0D /* CoreDataFeedStore.swift */,
				36F935402A4BA516004E6F0D /* FeedStore.xcdatamodeld */,
				36F935462A4C9AC9004E6F0D /* CoreDataHelpers.swift */,
				36F935482A4C9B50004E6F0D /* ManagedCache.swift */,
				36F9354A2A4C9BB1004E6F0D /* ManagedFeedImage.swift */,
			);
			path = CoreData;
			sourceTree = "<group>";
		};
		36F935442A4C9A24004E6F0D /* Infastructure */ = {
			isa = PBXGroup;
			children = (
				36F935432A4C99ED004E6F0D /* CoreData */,
			);
			path = Infastructure;
			sourceTree = "<group>";
		};
		36FD4E0A2A584AC7000B2024 /* Frameworks */ = {
			isa = PBXGroup;
			children = (
			);
			name = Frameworks;
			sourceTree = "<group>";
		};
		36FD4E182A5C746F000B2024 /* Feed Image Loader */ = {
			isa = PBXGroup;
			children = (
				36FD4E192A5C7483000B2024 /* FeedImageDataLoader.swift */,
			);
			path = "Feed Image Loader";
			sourceTree = "<group>";
		};
		36FD4E1B2A5C74CE000B2024 /* Feed UI */ = {
			isa = PBXGroup;
			children = (
				36FD4E1C2A5C74D8000B2024 /* Controllers */,
				36FD4E1D2A5C74E0000B2024 /* Views */,
			);
			path = "Feed UI";
			sourceTree = "<group>";
		};
		36FD4E1C2A5C74D8000B2024 /* Controllers */ = {
			isa = PBXGroup;
			children = (
				36FD4E122A586849000B2024 /* FeedViewController.swift */,
			);
			path = Controllers;
			sourceTree = "<group>";
		};
		36FD4E1D2A5C74E0000B2024 /* Views */ = {
			isa = PBXGroup;
			children = (
				36FD4E142A58B4C4000B2024 /* FeedImageCell.swift */,
				36FD4E162A5A1B01000B2024 /* UIView+Shimmering.swift */,
			);
			path = Views;
			sourceTree = "<group>";
		};
		36FD4E202A5C762D000B2024 /* Helpers */ = {
			isa = PBXGroup;
			children = (
				36FD4E1E2A5C7628000B2024 /* UIImage+TestHelpers.swift */,
				36FD4E212A5C7683000B2024 /* UIRefreshControl+TestHelpers.swift */,
				36FD4E232A5C7702000B2024 /* UIButton+TestHelpers.swift */,
				36FD4E252A5C776A000B2024 /* UIControl+TestHelpers.swift */,
			);
			path = Helpers;
			sourceTree = "<group>";
		};
/* End PBXGroup section */

/* Begin PBXHeadersBuildPhase section */
		363E889029CA7A9B0077E089 /* Headers */ = {
			isa = PBXHeadersBuildPhase;
			buildActionMask = 2147483647;
			files = (
				363E88A629CA7A9C0077E089 /* EssentialFeed.h in Headers */,
			);
			runOnlyForDeploymentPostprocessing = 0;
		};
		367114962A55E314001A7C46 /* Headers */ = {
			isa = PBXHeadersBuildPhase;
			buildActionMask = 2147483647;
			files = (
			);
			runOnlyForDeploymentPostprocessing = 0;
		};
/* End PBXHeadersBuildPhase section */

/* Begin PBXNativeTarget section */
		363E889429CA7A9B0077E089 /* EssentialFeed */ = {
			isa = PBXNativeTarget;
			buildConfigurationList = 363E88A929CA7A9C0077E089 /* Build configuration list for PBXNativeTarget "EssentialFeed" */;
			buildPhases = (
				363E889029CA7A9B0077E089 /* Headers */,
				363E889129CA7A9B0077E089 /* Sources */,
				363E889229CA7A9B0077E089 /* Frameworks */,
				363E889329CA7A9B0077E089 /* Resources */,
			);
			buildRules = (
			);
			dependencies = (
			);
			name = EssentialFeed;
			productName = EssentialFeed;
			productReference = 363E889529CA7A9B0077E089 /* EssentialFeed.framework */;
			productType = "com.apple.product-type.framework";
		};
		363E889E29CA7A9C0077E089 /* EssentialFeedTests */ = {
			isa = PBXNativeTarget;
			buildConfigurationList = 363E88AC29CA7A9C0077E089 /* Build configuration list for PBXNativeTarget "EssentialFeedTests" */;
			buildPhases = (
				363E889B29CA7A9C0077E089 /* Sources */,
				363E889C29CA7A9C0077E089 /* Frameworks */,
				363E889D29CA7A9C0077E089 /* Resources */,
			);
			buildRules = (
			);
			dependencies = (
				363E88A229CA7A9C0077E089 /* PBXTargetDependency */,
			);
			name = EssentialFeedTests;
			productName = EssentialFeedTests;
			productReference = 363E889F29CA7A9C0077E089 /* EssentialFeedTests.xctest */;
			productType = "com.apple.product-type.bundle.unit-test";
		};
		3671149A2A55E314001A7C46 /* EssentialFeediOS */ = {
			isa = PBXNativeTarget;
			buildConfigurationList = 367114AE2A55E315001A7C46 /* Build configuration list for PBXNativeTarget "EssentialFeediOS" */;
			buildPhases = (
				367114962A55E314001A7C46 /* Headers */,
				367114972A55E314001A7C46 /* Sources */,
				367114982A55E314001A7C46 /* Frameworks */,
				367114992A55E314001A7C46 /* Resources */,
				36FD4E0F2A584AC7000B2024 /* Embed Frameworks */,
			);
			buildRules = (
			);
			dependencies = (
				36FD4E0E2A584AC7000B2024 /* PBXTargetDependency */,
			);
			name = EssentialFeediOS;
			productName = EssentialFeediOS;
			productReference = 3671149B2A55E314001A7C46 /* EssentialFeediOS.framework */;
			productType = "com.apple.product-type.framework";
		};
		367114A12A55E314001A7C46 /* EssentialFeediOSTests */ = {
			isa = PBXNativeTarget;
			buildConfigurationList = 367114AF2A55E315001A7C46 /* Build configuration list for PBXNativeTarget "EssentialFeediOSTests" */;
			buildPhases = (
				3671149E2A55E314001A7C46 /* Sources */,
				3671149F2A55E314001A7C46 /* Frameworks */,
				367114A02A55E314001A7C46 /* Resources */,
			);
			buildRules = (
			);
			dependencies = (
				367114A52A55E315001A7C46 /* PBXTargetDependency */,
			);
			name = EssentialFeediOSTests;
			productName = EssentialFeediOSTests;
			productReference = 367114A22A55E314001A7C46 /* EssentialFeediOSTests.xctest */;
			productType = "com.apple.product-type.bundle.unit-test";
		};
		367C43B229D67328008CFC31 /* EssentialFeedAPIEndToEndTests */ = {
			isa = PBXNativeTarget;
			buildConfigurationList = 367C43BC29D67328008CFC31 /* Build configuration list for PBXNativeTarget "EssentialFeedAPIEndToEndTests" */;
			buildPhases = (
				367C43AF29D67328008CFC31 /* Sources */,
				367C43B029D67328008CFC31 /* Frameworks */,
				367C43B129D67328008CFC31 /* Resources */,
			);
			buildRules = (
			);
			dependencies = (
				367C43B929D67328008CFC31 /* PBXTargetDependency */,
			);
			name = EssentialFeedAPIEndToEndTests;
			productName = EssentialFeedAPIEndToEndTests;
			productReference = 367C43B329D67328008CFC31 /* EssentialFeedAPIEndToEndTests.xctest */;
			productType = "com.apple.product-type.bundle.unit-test";
		};
		36C4F4AC2A4CB31C0075DDDB /* EssentialFeedCacheIntegrationTests */ = {
			isa = PBXNativeTarget;
			buildConfigurationList = 36C4F4B62A4CB31C0075DDDB /* Build configuration list for PBXNativeTarget "EssentialFeedCacheIntegrationTests" */;
			buildPhases = (
				36C4F4A92A4CB31C0075DDDB /* Sources */,
				36C4F4AA2A4CB31C0075DDDB /* Frameworks */,
				36C4F4AB2A4CB31C0075DDDB /* Resources */,
			);
			buildRules = (
			);
			dependencies = (
				36C4F4B32A4CB31C0075DDDB /* PBXTargetDependency */,
			);
			name = EssentialFeedCacheIntegrationTests;
			productName = EssentialFeedCacheIntegrationTests;
			productReference = 36C4F4AD2A4CB31C0075DDDB /* EssentialFeedCacheIntegrationTests.xctest */;
			productType = "com.apple.product-type.bundle.unit-test";
		};
/* End PBXNativeTarget section */

/* Begin PBXProject section */
		363E888C29CA7A9B0077E089 /* Project object */ = {
			isa = PBXProject;
			attributes = {
				BuildIndependentTargetsInParallel = 1;
				LastSwiftUpdateCheck = 1430;
				LastUpgradeCheck = 1430;
				TargetAttributes = {
					363E889429CA7A9B0077E089 = {
						CreatedOnToolsVersion = 14.2;
					};
					363E889E29CA7A9C0077E089 = {
						CreatedOnToolsVersion = 14.2;
					};
					3671149A2A55E314001A7C46 = {
						CreatedOnToolsVersion = 14.3.1;
						LastSwiftMigration = 1430;
					};
					367114A12A55E314001A7C46 = {
						CreatedOnToolsVersion = 14.3.1;
						LastSwiftMigration = 1430;
					};
					367C43B229D67328008CFC31 = {
						CreatedOnToolsVersion = 14.2;
					};
					36C4F4AC2A4CB31C0075DDDB = {
						CreatedOnToolsVersion = 14.3.1;
					};
				};
			};
			buildConfigurationList = 363E888F29CA7A9B0077E089 /* Build configuration list for PBXProject "EssentialFeed" */;
			compatibilityVersion = "Xcode 14.0";
			developmentRegion = en;
			hasScannedForEncodings = 0;
			knownRegions = (
				en,
				Base,
			);
			mainGroup = 363E888B29CA7A9B0077E089;
			productRefGroup = 363E889629CA7A9B0077E089 /* Products */;
			projectDirPath = "";
			projectRoot = "";
			targets = (
				363E889429CA7A9B0077E089 /* EssentialFeed */,
				363E889E29CA7A9C0077E089 /* EssentialFeedTests */,
				367C43B229D67328008CFC31 /* EssentialFeedAPIEndToEndTests */,
				36C4F4AC2A4CB31C0075DDDB /* EssentialFeedCacheIntegrationTests */,
				3671149A2A55E314001A7C46 /* EssentialFeediOS */,
				367114A12A55E314001A7C46 /* EssentialFeediOSTests */,
			);
		};
/* End PBXProject section */

/* Begin PBXResourcesBuildPhase section */
		363E889329CA7A9B0077E089 /* Resources */ = {
			isa = PBXResourcesBuildPhase;
			buildActionMask = 2147483647;
			files = (
			);
			runOnlyForDeploymentPostprocessing = 0;
		};
		363E889D29CA7A9C0077E089 /* Resources */ = {
			isa = PBXResourcesBuildPhase;
			buildActionMask = 2147483647;
			files = (
			);
			runOnlyForDeploymentPostprocessing = 0;
		};
		367114992A55E314001A7C46 /* Resources */ = {
			isa = PBXResourcesBuildPhase;
			buildActionMask = 2147483647;
			files = (
			);
			runOnlyForDeploymentPostprocessing = 0;
		};
		367114A02A55E314001A7C46 /* Resources */ = {
			isa = PBXResourcesBuildPhase;
			buildActionMask = 2147483647;
			files = (
			);
			runOnlyForDeploymentPostprocessing = 0;
		};
		367C43B129D67328008CFC31 /* Resources */ = {
			isa = PBXResourcesBuildPhase;
			buildActionMask = 2147483647;
			files = (
			);
			runOnlyForDeploymentPostprocessing = 0;
		};
		36C4F4AB2A4CB31C0075DDDB /* Resources */ = {
			isa = PBXResourcesBuildPhase;
			buildActionMask = 2147483647;
			files = (
			);
			runOnlyForDeploymentPostprocessing = 0;
		};
/* End PBXResourcesBuildPhase section */

/* Begin PBXSourcesBuildPhase section */
		363E889129CA7A9B0077E089 /* Sources */ = {
			isa = PBXSourcesBuildPhase;
			buildActionMask = 2147483647;
			files = (
				365700FA2A166941000EE52E /* LocalFeedImage.swift in Sources */,
				36F935422A4BA516004E6F0D /* FeedStore.xcdatamodeld in Sources */,
				36C0DFE72A12BF91003B6877 /* FeedStore.swift in Sources */,
				367C43AE29D53289008CFC31 /* URLSessionHTTPClient.swift in Sources */,
				363E88B829CD2CE60077E089 /* RemoteFeedLoader.swift in Sources */,
				363E88BA29CFAECB0077E089 /* HTTPClient.swift in Sources */,
				36F935472A4C9AC9004E6F0D /* CoreDataHelpers.swift in Sources */,
				363E88B229CA927B0077E089 /* FeedLoader.swift in Sources */,
				36F9353F2A4B9F20004E6F0D /* CoreDataFeedStore.swift in Sources */,
				36F935492A4C9B50004E6F0D /* ManagedCache.swift in Sources */,
				363E88BC29CFAF220077E089 /* FeedItemsMapper.swift in Sources */,
				365700F82A1668FF000EE52E /* RemoteFeedItem.swift in Sources */,
				36E966292A3B9D550001A113 /* FeedCachePolicy.swift in Sources */,
				363E88B029CA7B450077E089 /* FeedImage.swift in Sources */,
				36F9354B2A4C9BB1004E6F0D /* ManagedFeedImage.swift in Sources */,
				36C0DFE52A12BEDB003B6877 /* LocalFeedLoader.swift in Sources */,
				363E889A29CA7A9B0077E089 /* EssentialFeed.docc in Sources */,
			);
			runOnlyForDeploymentPostprocessing = 0;
		};
		363E889B29CA7A9C0077E089 /* Sources */ = {
			isa = PBXSourcesBuildPhase;
			buildActionMask = 2147483647;
			files = (
				365F670D2A32549000A7A297 /* FeedCacheTestHelpers.swift in Sources */,
				36D3432D2A2E752400E1665D /* ValidateFeedCacheUseCaseTests.swift in Sources */,
				363E88B529CCDE650077E089 /* LoadFeedFromRemoteUseCaseTests.swift in Sources */,
				36F935382A4B57B4004E6F0D /* XCTestCase+FailableInsertFeedStoreSpecs.swift in Sources */,
				36F935362A4B5695004E6F0D /* XCTestCase+FailableRetrieveFeedStoreSpecs.swift in Sources */,
				363E88C029D2729C0077E089 /* URLSessionHTTPClientTests.swift in Sources */,
				36B3691D2A1D513700568E6C /* FeedStoreSpy.swift in Sources */,
				365F670F2A325A7900A7A297 /* SharedTestHelpers.swift in Sources */,
				36F9353A2A4B58D9004E6F0D /* XCTestCase+FailableDeleteFeedStoreSpecs.swift in Sources */,
				36F935322A4B21E8004E6F0D /* FeedStoreSpecs.swift in Sources */,
				36C0DFE12A0975BE003B6877 /* CacheFeedUseCaseTests.swift in Sources */,
				36B3691A2A1D4C6A00568E6C /* LoadFeedFromCacheUseCaseTests.swift in Sources */,
				367C43AC29D511B3008CFC31 /* XCTTestCase+MemoryLeakTracking.swift in Sources */,
				36F9353D2A4B9E74004E6F0D /* CoreDataFeedStoreTests.swift in Sources */,
				36F935342A4B2373004E6F0D /* XCTestCase+FeedStoreSpecs.swift in Sources */,
			);
			runOnlyForDeploymentPostprocessing = 0;
		};
		367114972A55E314001A7C46 /* Sources */ = {
			isa = PBXSourcesBuildPhase;
			buildActionMask = 2147483647;
			files = (
				36FD4E1A2A5C7483000B2024 /* FeedImageDataLoader.swift in Sources */,
				36FD4E172A5A1B02000B2024 /* UIView+Shimmering.swift in Sources */,
				36FD4E132A586849000B2024 /* FeedViewController.swift in Sources */,
				36FD4E152A58B4C4000B2024 /* FeedImageCell.swift in Sources */,
			);
			runOnlyForDeploymentPostprocessing = 0;
		};
		3671149E2A55E314001A7C46 /* Sources */ = {
			isa = PBXSourcesBuildPhase;
			buildActionMask = 2147483647;
			files = (
				36FD4E112A584BF8000B2024 /* XCTTestCase+MemoryLeakTracking.swift in Sources */,
				36FD4E242A5C7702000B2024 /* UIButton+TestHelpers.swift in Sources */,
				36FD4E222A5C7683000B2024 /* UIRefreshControl+TestHelpers.swift in Sources */,
				36FD4E262A5C776A000B2024 /* UIControl+TestHelpers.swift in Sources */,
				36FD4E092A57A960000B2024 /* FeedViewControllerTests.swift in Sources */,
				36FD4E1F2A5C7628000B2024 /* UIImage+TestHelpers.swift in Sources */,
			);
			runOnlyForDeploymentPostprocessing = 0;
		};
		367C43AF29D67328008CFC31 /* Sources */ = {
			isa = PBXSourcesBuildPhase;
			buildActionMask = 2147483647;
			files = (
				367C43BD29D686DF008CFC31 /* XCTTestCase+MemoryLeakTracking.swift in Sources */,
				367C43B629D67328008CFC31 /* EssentialFeedAPIEndToEndTests.swift in Sources */,
			);
			runOnlyForDeploymentPostprocessing = 0;
		};
		36C4F4A92A4CB31C0075DDDB /* Sources */ = {
			isa = PBXSourcesBuildPhase;
			buildActionMask = 2147483647;
			files = (
				36C4F4BA2A4DFE210075DDDB /* SharedTestHelpers.swift in Sources */,
				36C4F4B82A4DFC520075DDDB /* XCTTestCase+MemoryLeakTracking.swift in Sources */,
				36C4F4B92A4DFE0C0075DDDB /* FeedCacheTestHelpers.swift in Sources */,
				36C4F4B02A4CB31C0075DDDB /* EssentialFeedCacheIntegrationTests.swift in Sources */,
			);
			runOnlyForDeploymentPostprocessing = 0;
		};
/* End PBXSourcesBuildPhase section */

/* Begin PBXTargetDependency section */
		363E88A229CA7A9C0077E089 /* PBXTargetDependency */ = {
			isa = PBXTargetDependency;
			target = 363E889429CA7A9B0077E089 /* EssentialFeed */;
			targetProxy = 363E88A129CA7A9C0077E089 /* PBXContainerItemProxy */;
		};
		367114A52A55E315001A7C46 /* PBXTargetDependency */ = {
			isa = PBXTargetDependency;
			target = 3671149A2A55E314001A7C46 /* EssentialFeediOS */;
			targetProxy = 367114A42A55E315001A7C46 /* PBXContainerItemProxy */;
		};
		367C43B929D67328008CFC31 /* PBXTargetDependency */ = {
			isa = PBXTargetDependency;
			target = 363E889429CA7A9B0077E089 /* EssentialFeed */;
			targetProxy = 367C43B829D67328008CFC31 /* PBXContainerItemProxy */;
		};
		36C4F4B32A4CB31C0075DDDB /* PBXTargetDependency */ = {
			isa = PBXTargetDependency;
			platformFilters = (
				macos,
			);
			target = 363E889429CA7A9B0077E089 /* EssentialFeed */;
			targetProxy = 36C4F4B22A4CB31C0075DDDB /* PBXContainerItemProxy */;
		};
		36FD4E0E2A584AC7000B2024 /* PBXTargetDependency */ = {
			isa = PBXTargetDependency;
			platformFilter = ios;
			target = 363E889429CA7A9B0077E089 /* EssentialFeed */;
			targetProxy = 36FD4E0D2A584AC7000B2024 /* PBXContainerItemProxy */;
		};
/* End PBXTargetDependency section */

/* Begin XCBuildConfiguration section */
		363E88A729CA7A9C0077E089 /* Debug */ = {
			isa = XCBuildConfiguration;
			buildSettings = {
				ALWAYS_SEARCH_USER_PATHS = NO;
				CLANG_ANALYZER_NONNULL = YES;
				CLANG_ANALYZER_NUMBER_OBJECT_CONVERSION = YES_AGGRESSIVE;
				CLANG_CXX_LANGUAGE_STANDARD = "gnu++20";
				CLANG_ENABLE_MODULES = YES;
				CLANG_ENABLE_OBJC_ARC = YES;
				CLANG_ENABLE_OBJC_WEAK = YES;
				CLANG_WARN_BLOCK_CAPTURE_AUTORELEASING = YES;
				CLANG_WARN_BOOL_CONVERSION = YES;
				CLANG_WARN_COMMA = YES;
				CLANG_WARN_CONSTANT_CONVERSION = YES;
				CLANG_WARN_DEPRECATED_OBJC_IMPLEMENTATIONS = YES;
				CLANG_WARN_DIRECT_OBJC_ISA_USAGE = YES_ERROR;
				CLANG_WARN_DOCUMENTATION_COMMENTS = YES;
				CLANG_WARN_EMPTY_BODY = YES;
				CLANG_WARN_ENUM_CONVERSION = YES;
				CLANG_WARN_INFINITE_RECURSION = YES;
				CLANG_WARN_INT_CONVERSION = YES;
				CLANG_WARN_NON_LITERAL_NULL_CONVERSION = YES;
				CLANG_WARN_OBJC_IMPLICIT_RETAIN_SELF = YES;
				CLANG_WARN_OBJC_LITERAL_CONVERSION = YES;
				CLANG_WARN_OBJC_ROOT_CLASS = YES_ERROR;
				CLANG_WARN_QUOTED_INCLUDE_IN_FRAMEWORK_HEADER = YES;
				CLANG_WARN_RANGE_LOOP_ANALYSIS = YES;
				CLANG_WARN_STRICT_PROTOTYPES = YES;
				CLANG_WARN_SUSPICIOUS_MOVE = YES;
				CLANG_WARN_UNGUARDED_AVAILABILITY = YES_AGGRESSIVE;
				CLANG_WARN_UNREACHABLE_CODE = YES;
				CLANG_WARN__DUPLICATE_METHOD_MATCH = YES;
				COPY_PHASE_STRIP = NO;
				CURRENT_PROJECT_VERSION = 1;
				DEAD_CODE_STRIPPING = YES;
				DEBUG_INFORMATION_FORMAT = dwarf;
				ENABLE_STRICT_OBJC_MSGSEND = YES;
				ENABLE_TESTABILITY = YES;
				GCC_C_LANGUAGE_STANDARD = gnu11;
				GCC_DYNAMIC_NO_PIC = NO;
				GCC_NO_COMMON_BLOCKS = YES;
				GCC_OPTIMIZATION_LEVEL = 0;
				GCC_PREPROCESSOR_DEFINITIONS = (
					"DEBUG=1",
					"$(inherited)",
				);
				GCC_WARN_64_TO_32_BIT_CONVERSION = YES;
				GCC_WARN_ABOUT_RETURN_TYPE = YES_ERROR;
				GCC_WARN_UNDECLARED_SELECTOR = YES;
				GCC_WARN_UNINITIALIZED_AUTOS = YES_AGGRESSIVE;
				GCC_WARN_UNUSED_FUNCTION = YES;
				GCC_WARN_UNUSED_VARIABLE = YES;
				MACOSX_DEPLOYMENT_TARGET = 13.1;
				MTL_ENABLE_DEBUG_INFO = INCLUDE_SOURCE;
				MTL_FAST_MATH = YES;
				ONLY_ACTIVE_ARCH = YES;
				SDKROOT = macosx;
				SWIFT_ACTIVE_COMPILATION_CONDITIONS = DEBUG;
				SWIFT_OPTIMIZATION_LEVEL = "-Onone";
				VERSIONING_SYSTEM = "apple-generic";
				VERSION_INFO_PREFIX = "";
			};
			name = Debug;
		};
		363E88A829CA7A9C0077E089 /* Release */ = {
			isa = XCBuildConfiguration;
			buildSettings = {
				ALWAYS_SEARCH_USER_PATHS = NO;
				CLANG_ANALYZER_NONNULL = YES;
				CLANG_ANALYZER_NUMBER_OBJECT_CONVERSION = YES_AGGRESSIVE;
				CLANG_CXX_LANGUAGE_STANDARD = "gnu++20";
				CLANG_ENABLE_MODULES = YES;
				CLANG_ENABLE_OBJC_ARC = YES;
				CLANG_ENABLE_OBJC_WEAK = YES;
				CLANG_WARN_BLOCK_CAPTURE_AUTORELEASING = YES;
				CLANG_WARN_BOOL_CONVERSION = YES;
				CLANG_WARN_COMMA = YES;
				CLANG_WARN_CONSTANT_CONVERSION = YES;
				CLANG_WARN_DEPRECATED_OBJC_IMPLEMENTATIONS = YES;
				CLANG_WARN_DIRECT_OBJC_ISA_USAGE = YES_ERROR;
				CLANG_WARN_DOCUMENTATION_COMMENTS = YES;
				CLANG_WARN_EMPTY_BODY = YES;
				CLANG_WARN_ENUM_CONVERSION = YES;
				CLANG_WARN_INFINITE_RECURSION = YES;
				CLANG_WARN_INT_CONVERSION = YES;
				CLANG_WARN_NON_LITERAL_NULL_CONVERSION = YES;
				CLANG_WARN_OBJC_IMPLICIT_RETAIN_SELF = YES;
				CLANG_WARN_OBJC_LITERAL_CONVERSION = YES;
				CLANG_WARN_OBJC_ROOT_CLASS = YES_ERROR;
				CLANG_WARN_QUOTED_INCLUDE_IN_FRAMEWORK_HEADER = YES;
				CLANG_WARN_RANGE_LOOP_ANALYSIS = YES;
				CLANG_WARN_STRICT_PROTOTYPES = YES;
				CLANG_WARN_SUSPICIOUS_MOVE = YES;
				CLANG_WARN_UNGUARDED_AVAILABILITY = YES_AGGRESSIVE;
				CLANG_WARN_UNREACHABLE_CODE = YES;
				CLANG_WARN__DUPLICATE_METHOD_MATCH = YES;
				COPY_PHASE_STRIP = NO;
				CURRENT_PROJECT_VERSION = 1;
				DEAD_CODE_STRIPPING = YES;
				DEBUG_INFORMATION_FORMAT = "dwarf-with-dsym";
				ENABLE_NS_ASSERTIONS = NO;
				ENABLE_STRICT_OBJC_MSGSEND = YES;
				GCC_C_LANGUAGE_STANDARD = gnu11;
				GCC_NO_COMMON_BLOCKS = YES;
				GCC_WARN_64_TO_32_BIT_CONVERSION = YES;
				GCC_WARN_ABOUT_RETURN_TYPE = YES_ERROR;
				GCC_WARN_UNDECLARED_SELECTOR = YES;
				GCC_WARN_UNINITIALIZED_AUTOS = YES_AGGRESSIVE;
				GCC_WARN_UNUSED_FUNCTION = YES;
				GCC_WARN_UNUSED_VARIABLE = YES;
				MACOSX_DEPLOYMENT_TARGET = 13.1;
				MTL_ENABLE_DEBUG_INFO = NO;
				MTL_FAST_MATH = YES;
				SDKROOT = macosx;
				SWIFT_COMPILATION_MODE = wholemodule;
				SWIFT_OPTIMIZATION_LEVEL = "-O";
				VERSIONING_SYSTEM = "apple-generic";
				VERSION_INFO_PREFIX = "";
			};
			name = Release;
		};
		363E88AA29CA7A9C0077E089 /* Debug */ = {
			isa = XCBuildConfiguration;
			buildSettings = {
				CODE_SIGN_IDENTITY = "";
				CODE_SIGN_STYLE = Automatic;
				COMBINE_HIDPI_IMAGES = YES;
				CURRENT_PROJECT_VERSION = 1;
				DEAD_CODE_STRIPPING = YES;
				DEFINES_MODULE = YES;
				DEVELOPMENT_TEAM = 9VQ2M3N7PA;
				DYLIB_COMPATIBILITY_VERSION = 1;
				DYLIB_CURRENT_VERSION = 1;
				DYLIB_INSTALL_NAME_BASE = "@rpath";
				ENABLE_MODULE_VERIFIER = YES;
				GENERATE_INFOPLIST_FILE = YES;
				INFOPLIST_KEY_NSHumanReadableCopyright = "";
				INSTALL_PATH = "$(LOCAL_LIBRARY_DIR)/Frameworks";
				LD_RUNPATH_SEARCH_PATHS = (
					"$(inherited)",
					"@executable_path/../Frameworks",
					"@loader_path/Frameworks",
				);
				MARKETING_VERSION = 1.0;
				MODULE_VERIFIER_SUPPORTED_LANGUAGES = "objective-c objective-c++";
				MODULE_VERIFIER_SUPPORTED_LANGUAGE_STANDARDS = "gnu11 gnu++20";
				PRODUCT_BUNDLE_IDENTIFIER = com.leandrofournier.EssentialFeed;
				PRODUCT_NAME = "$(TARGET_NAME:c99extidentifier)";
				SKIP_INSTALL = YES;
				SUPPORTED_PLATFORMS = "macosx iphoneos iphonesimulator";
				SWIFT_EMIT_LOC_STRINGS = YES;
				SWIFT_VERSION = 5.0;
			};
			name = Debug;
		};
		363E88AB29CA7A9C0077E089 /* Release */ = {
			isa = XCBuildConfiguration;
			buildSettings = {
				CODE_SIGN_IDENTITY = "";
				CODE_SIGN_STYLE = Automatic;
				COMBINE_HIDPI_IMAGES = YES;
				CURRENT_PROJECT_VERSION = 1;
				DEAD_CODE_STRIPPING = YES;
				DEFINES_MODULE = YES;
				DEVELOPMENT_TEAM = 9VQ2M3N7PA;
				DYLIB_COMPATIBILITY_VERSION = 1;
				DYLIB_CURRENT_VERSION = 1;
				DYLIB_INSTALL_NAME_BASE = "@rpath";
				ENABLE_MODULE_VERIFIER = YES;
				GENERATE_INFOPLIST_FILE = YES;
				INFOPLIST_KEY_NSHumanReadableCopyright = "";
				INSTALL_PATH = "$(LOCAL_LIBRARY_DIR)/Frameworks";
				LD_RUNPATH_SEARCH_PATHS = (
					"$(inherited)",
					"@executable_path/../Frameworks",
					"@loader_path/Frameworks",
				);
				MARKETING_VERSION = 1.0;
				MODULE_VERIFIER_SUPPORTED_LANGUAGES = "objective-c objective-c++";
				MODULE_VERIFIER_SUPPORTED_LANGUAGE_STANDARDS = "gnu11 gnu++20";
				PRODUCT_BUNDLE_IDENTIFIER = com.leandrofournier.EssentialFeed;
				PRODUCT_NAME = "$(TARGET_NAME:c99extidentifier)";
				SKIP_INSTALL = YES;
				SUPPORTED_PLATFORMS = "macosx iphoneos iphonesimulator";
				SWIFT_EMIT_LOC_STRINGS = YES;
				SWIFT_VERSION = 5.0;
			};
			name = Release;
		};
		363E88AD29CA7A9C0077E089 /* Debug */ = {
			isa = XCBuildConfiguration;
			buildSettings = {
				ALWAYS_EMBED_SWIFT_STANDARD_LIBRARIES = YES;
				CODE_SIGN_STYLE = Automatic;
				CURRENT_PROJECT_VERSION = 1;
				DEAD_CODE_STRIPPING = YES;
				DEVELOPMENT_TEAM = 9VQ2M3N7PA;
				GENERATE_INFOPLIST_FILE = YES;
				MARKETING_VERSION = 1.0;
				PRODUCT_BUNDLE_IDENTIFIER = com.leandrofournier.EssentialFeedTests;
				PRODUCT_NAME = "$(TARGET_NAME)";
				SUPPORTED_PLATFORMS = "macosx iphoneos iphonesimulator";
				SWIFT_EMIT_LOC_STRINGS = NO;
				SWIFT_VERSION = 5.0;
			};
			name = Debug;
		};
		363E88AE29CA7A9C0077E089 /* Release */ = {
			isa = XCBuildConfiguration;
			buildSettings = {
				ALWAYS_EMBED_SWIFT_STANDARD_LIBRARIES = YES;
				CODE_SIGN_STYLE = Automatic;
				CURRENT_PROJECT_VERSION = 1;
				DEAD_CODE_STRIPPING = YES;
				DEVELOPMENT_TEAM = 9VQ2M3N7PA;
				GENERATE_INFOPLIST_FILE = YES;
				MARKETING_VERSION = 1.0;
				PRODUCT_BUNDLE_IDENTIFIER = com.leandrofournier.EssentialFeedTests;
				PRODUCT_NAME = "$(TARGET_NAME)";
				SUPPORTED_PLATFORMS = "macosx iphoneos iphonesimulator";
				SWIFT_EMIT_LOC_STRINGS = NO;
				SWIFT_VERSION = 5.0;
			};
			name = Release;
		};
		367114AA2A55E315001A7C46 /* Debug */ = {
			isa = XCBuildConfiguration;
			buildSettings = {
				CLANG_ENABLE_MODULES = YES;
				CODE_SIGN_IDENTITY = "";
				CODE_SIGN_STYLE = Automatic;
				CURRENT_PROJECT_VERSION = 1;
				DEFINES_MODULE = YES;
				DEVELOPMENT_TEAM = 9VQ2M3N7PA;
				DYLIB_COMPATIBILITY_VERSION = 1;
				DYLIB_CURRENT_VERSION = 1;
				DYLIB_INSTALL_NAME_BASE = "@rpath";
				ENABLE_MODULE_VERIFIER = YES;
				GENERATE_INFOPLIST_FILE = YES;
				INFOPLIST_KEY_NSHumanReadableCopyright = "";
				INSTALL_PATH = "$(LOCAL_LIBRARY_DIR)/Frameworks";
				IPHONEOS_DEPLOYMENT_TARGET = 16.4;
				LD_RUNPATH_SEARCH_PATHS = (
					"$(inherited)",
					"@executable_path/Frameworks",
					"@loader_path/Frameworks",
				);
				MARKETING_VERSION = 1.0;
				MODULE_VERIFIER_SUPPORTED_LANGUAGES = "objective-c objective-c++";
				MODULE_VERIFIER_SUPPORTED_LANGUAGE_STANDARDS = "gnu11 gnu++20";
				PRODUCT_BUNDLE_IDENTIFIER = com.leandrofournier.EssentialFeediOS;
				PRODUCT_NAME = "$(TARGET_NAME:c99extidentifier)";
				SDKROOT = iphoneos;
				SKIP_INSTALL = YES;
				SWIFT_EMIT_LOC_STRINGS = YES;
				SWIFT_OPTIMIZATION_LEVEL = "-Onone";
				SWIFT_VERSION = 5.0;
				TARGETED_DEVICE_FAMILY = "1,2";
			};
			name = Debug;
		};
		367114AB2A55E315001A7C46 /* Release */ = {
			isa = XCBuildConfiguration;
			buildSettings = {
				CLANG_ENABLE_MODULES = YES;
				CODE_SIGN_IDENTITY = "";
				CODE_SIGN_STYLE = Automatic;
				CURRENT_PROJECT_VERSION = 1;
				DEFINES_MODULE = YES;
				DEVELOPMENT_TEAM = 9VQ2M3N7PA;
				DYLIB_COMPATIBILITY_VERSION = 1;
				DYLIB_CURRENT_VERSION = 1;
				DYLIB_INSTALL_NAME_BASE = "@rpath";
				ENABLE_MODULE_VERIFIER = YES;
				GENERATE_INFOPLIST_FILE = YES;
				INFOPLIST_KEY_NSHumanReadableCopyright = "";
				INSTALL_PATH = "$(LOCAL_LIBRARY_DIR)/Frameworks";
				IPHONEOS_DEPLOYMENT_TARGET = 16.4;
				LD_RUNPATH_SEARCH_PATHS = (
					"$(inherited)",
					"@executable_path/Frameworks",
					"@loader_path/Frameworks",
				);
				MARKETING_VERSION = 1.0;
				MODULE_VERIFIER_SUPPORTED_LANGUAGES = "objective-c objective-c++";
				MODULE_VERIFIER_SUPPORTED_LANGUAGE_STANDARDS = "gnu11 gnu++20";
				PRODUCT_BUNDLE_IDENTIFIER = com.leandrofournier.EssentialFeediOS;
				PRODUCT_NAME = "$(TARGET_NAME:c99extidentifier)";
				SDKROOT = iphoneos;
				SKIP_INSTALL = YES;
				SWIFT_EMIT_LOC_STRINGS = YES;
				SWIFT_VERSION = 5.0;
				TARGETED_DEVICE_FAMILY = "1,2";
				VALIDATE_PRODUCT = YES;
			};
			name = Release;
		};
		367114AC2A55E315001A7C46 /* Debug */ = {
			isa = XCBuildConfiguration;
			buildSettings = {
				ALWAYS_EMBED_SWIFT_STANDARD_LIBRARIES = YES;
				CLANG_ENABLE_MODULES = YES;
				CODE_SIGN_STYLE = Automatic;
				CURRENT_PROJECT_VERSION = 1;
				DEVELOPMENT_TEAM = 9VQ2M3N7PA;
				GENERATE_INFOPLIST_FILE = YES;
				IPHONEOS_DEPLOYMENT_TARGET = 16.4;
				MARKETING_VERSION = 1.0;
				PRODUCT_BUNDLE_IDENTIFIER = com.leandrofournier.EssentialFeediOSTests;
				PRODUCT_NAME = "$(TARGET_NAME)";
				SDKROOT = iphoneos;
				SWIFT_EMIT_LOC_STRINGS = NO;
				SWIFT_OPTIMIZATION_LEVEL = "-Onone";
				SWIFT_VERSION = 5.0;
				TARGETED_DEVICE_FAMILY = "1,2";
			};
			name = Debug;
		};
		367114AD2A55E315001A7C46 /* Release */ = {
			isa = XCBuildConfiguration;
			buildSettings = {
				ALWAYS_EMBED_SWIFT_STANDARD_LIBRARIES = YES;
				CLANG_ENABLE_MODULES = YES;
				CODE_SIGN_STYLE = Automatic;
				CURRENT_PROJECT_VERSION = 1;
				DEVELOPMENT_TEAM = 9VQ2M3N7PA;
				GENERATE_INFOPLIST_FILE = YES;
				IPHONEOS_DEPLOYMENT_TARGET = 16.4;
				MARKETING_VERSION = 1.0;
				PRODUCT_BUNDLE_IDENTIFIER = com.leandrofournier.EssentialFeediOSTests;
				PRODUCT_NAME = "$(TARGET_NAME)";
				SDKROOT = iphoneos;
				SWIFT_EMIT_LOC_STRINGS = NO;
				SWIFT_VERSION = 5.0;
				TARGETED_DEVICE_FAMILY = "1,2";
				VALIDATE_PRODUCT = YES;
			};
			name = Release;
		};
		367C43BA29D67328008CFC31 /* Debug */ = {
			isa = XCBuildConfiguration;
			buildSettings = {
				CODE_SIGN_STYLE = Automatic;
				CURRENT_PROJECT_VERSION = 1;
				DEAD_CODE_STRIPPING = YES;
				DEVELOPMENT_TEAM = 9VQ2M3N7PA;
				GENERATE_INFOPLIST_FILE = YES;
				MARKETING_VERSION = 1.0;
				PRODUCT_BUNDLE_IDENTIFIER = com.leandrofournier.EssentialFeedAPIEndToEndTests;
				PRODUCT_NAME = "$(TARGET_NAME)";
				SUPPORTED_PLATFORMS = "macosx iphoneos iphonesimulator";
				SWIFT_EMIT_LOC_STRINGS = NO;
				SWIFT_VERSION = 5.0;
			};
			name = Debug;
		};
		367C43BB29D67328008CFC31 /* Release */ = {
			isa = XCBuildConfiguration;
			buildSettings = {
				CODE_SIGN_STYLE = Automatic;
				CURRENT_PROJECT_VERSION = 1;
				DEAD_CODE_STRIPPING = YES;
				DEVELOPMENT_TEAM = 9VQ2M3N7PA;
				GENERATE_INFOPLIST_FILE = YES;
				MARKETING_VERSION = 1.0;
				PRODUCT_BUNDLE_IDENTIFIER = com.leandrofournier.EssentialFeedAPIEndToEndTests;
				PRODUCT_NAME = "$(TARGET_NAME)";
				SUPPORTED_PLATFORMS = "macosx iphoneos iphonesimulator";
				SWIFT_EMIT_LOC_STRINGS = NO;
				SWIFT_VERSION = 5.0;
			};
			name = Release;
		};
		36C4F4B42A4CB31C0075DDDB /* Debug */ = {
			isa = XCBuildConfiguration;
			buildSettings = {
				CODE_SIGN_STYLE = Automatic;
				CURRENT_PROJECT_VERSION = 1;
				DEAD_CODE_STRIPPING = YES;
				DEVELOPMENT_TEAM = 9VQ2M3N7PA;
				GENERATE_INFOPLIST_FILE = YES;
				IPHONEOS_DEPLOYMENT_TARGET = 16.4;
				MACOSX_DEPLOYMENT_TARGET = 13.3;
				MARKETING_VERSION = 1.0;
				PRODUCT_BUNDLE_IDENTIFIER = com.leandrofournier.EssentialFeedCacheIntegrationTests;
				PRODUCT_NAME = "$(TARGET_NAME)";
				SDKROOT = macosx;
				SUPPORTED_PLATFORMS = "macosx iphoneos iphonesimulator";
				SWIFT_EMIT_LOC_STRINGS = NO;
				SWIFT_VERSION = 5.0;
				TARGETED_DEVICE_FAMILY = "1,2";
			};
			name = Debug;
		};
		36C4F4B52A4CB31C0075DDDB /* Release */ = {
			isa = XCBuildConfiguration;
			buildSettings = {
				CODE_SIGN_STYLE = Automatic;
				CURRENT_PROJECT_VERSION = 1;
				DEAD_CODE_STRIPPING = YES;
				DEVELOPMENT_TEAM = 9VQ2M3N7PA;
				GENERATE_INFOPLIST_FILE = YES;
				IPHONEOS_DEPLOYMENT_TARGET = 16.4;
				MACOSX_DEPLOYMENT_TARGET = 13.3;
				MARKETING_VERSION = 1.0;
				PRODUCT_BUNDLE_IDENTIFIER = com.leandrofournier.EssentialFeedCacheIntegrationTests;
				PRODUCT_NAME = "$(TARGET_NAME)";
				SDKROOT = macosx;
				SUPPORTED_PLATFORMS = "macosx iphoneos iphonesimulator";
				SWIFT_EMIT_LOC_STRINGS = NO;
				SWIFT_VERSION = 5.0;
				TARGETED_DEVICE_FAMILY = "1,2";
			};
			name = Release;
		};
/* End XCBuildConfiguration section */

/* Begin XCConfigurationList section */
		363E888F29CA7A9B0077E089 /* Build configuration list for PBXProject "EssentialFeed" */ = {
			isa = XCConfigurationList;
			buildConfigurations = (
				363E88A729CA7A9C0077E089 /* Debug */,
				363E88A829CA7A9C0077E089 /* Release */,
			);
			defaultConfigurationIsVisible = 0;
			defaultConfigurationName = Release;
		};
		363E88A929CA7A9C0077E089 /* Build configuration list for PBXNativeTarget "EssentialFeed" */ = {
			isa = XCConfigurationList;
			buildConfigurations = (
				363E88AA29CA7A9C0077E089 /* Debug */,
				363E88AB29CA7A9C0077E089 /* Release */,
			);
			defaultConfigurationIsVisible = 0;
			defaultConfigurationName = Release;
		};
		363E88AC29CA7A9C0077E089 /* Build configuration list for PBXNativeTarget "EssentialFeedTests" */ = {
			isa = XCConfigurationList;
			buildConfigurations = (
				363E88AD29CA7A9C0077E089 /* Debug */,
				363E88AE29CA7A9C0077E089 /* Release */,
			);
			defaultConfigurationIsVisible = 0;
			defaultConfigurationName = Release;
		};
		367114AE2A55E315001A7C46 /* Build configuration list for PBXNativeTarget "EssentialFeediOS" */ = {
			isa = XCConfigurationList;
			buildConfigurations = (
				367114AA2A55E315001A7C46 /* Debug */,
				367114AB2A55E315001A7C46 /* Release */,
			);
			defaultConfigurationIsVisible = 0;
			defaultConfigurationName = Release;
		};
		367114AF2A55E315001A7C46 /* Build configuration list for PBXNativeTarget "EssentialFeediOSTests" */ = {
			isa = XCConfigurationList;
			buildConfigurations = (
				367114AC2A55E315001A7C46 /* Debug */,
				367114AD2A55E315001A7C46 /* Release */,
			);
			defaultConfigurationIsVisible = 0;
			defaultConfigurationName = Release;
		};
		367C43BC29D67328008CFC31 /* Build configuration list for PBXNativeTarget "EssentialFeedAPIEndToEndTests" */ = {
			isa = XCConfigurationList;
			buildConfigurations = (
				367C43BA29D67328008CFC31 /* Debug */,
				367C43BB29D67328008CFC31 /* Release */,
			);
			defaultConfigurationIsVisible = 0;
			defaultConfigurationName = Release;
		};
		36C4F4B62A4CB31C0075DDDB /* Build configuration list for PBXNativeTarget "EssentialFeedCacheIntegrationTests" */ = {
			isa = XCConfigurationList;
			buildConfigurations = (
				36C4F4B42A4CB31C0075DDDB /* Debug */,
				36C4F4B52A4CB31C0075DDDB /* Release */,
			);
			defaultConfigurationIsVisible = 0;
			defaultConfigurationName = Release;
		};
/* End XCConfigurationList section */

/* Begin XCVersionGroup section */
		36F935402A4BA516004E6F0D /* FeedStore.xcdatamodeld */ = {
			isa = XCVersionGroup;
			children = (
				36F935412A4BA516004E6F0D /* FeedStore.xcdatamodel */,
			);
			currentVersion = 36F935412A4BA516004E6F0D /* FeedStore.xcdatamodel */;
			path = FeedStore.xcdatamodeld;
			sourceTree = "<group>";
			versionGroupType = wrapper.xcdatamodel;
		};
/* End XCVersionGroup section */
	};
	rootObject = 363E888C29CA7A9B0077E089 /* Project object */;
}
